
Microsoft Visual Studio Solution File, Format Version 12.00
# Visual Studio Version 16
VisualStudioVersion = 16.0.31005.135
MinimumVisualStudioVersion = 10.0.40219.1
Project("{8BC9CEB8-8B4A-11D0-8D11-00A0C91BC942}") = "定时", "定时\定时.vcxproj", "{DE329298-FB98-481F-8378-C76C2AFA8BEB}"
EndProject
Global
	GlobalSection(SolutionConfigurationPlatforms) = preSolution
		Debug|x64 = Debug|x64
		Debug|x86 = Debug|x86
		Release|x64 = Release|x64
		Release|x86 = Release|x86
	EndGlobalSection
	GlobalSection(ProjectConfigurationPlatforms) = postSolution
		{DE329298-FB98-481F-8378-C76C2AFA8BEB}.Debug|x64.ActiveCfg = Debug|x64
		{DE329298-FB98-481F-8378-C76C2AFA8BEB}.Debug|x64.Build.0 = Debug|x64
		{DE329298-FB98-481F-8378-C76C2AFA8BEB}.Debug|x86.ActiveCfg = Debug|Win32
		{DE329298-FB98-481F-8378-C76C2AFA8BEB}.Debug|x86.Build.0 = Debug|Win32
		{DE329298-FB98-481F-8378-C76C2AFA8BEB}.Release|x64.ActiveCfg = Release|x64
		{DE329298-FB98-481F-8378-C76C2AFA8BEB}.Release|x64.Build.0 = Release|x64
		{DE329298-FB98-481F-8378-C76C2AFA8BEB}.Release|x86.ActiveCfg = Release|Win32
		{DE329298-FB98-481F-8378-C76C2AFA8BEB}.Release|x86.Build.0 = Release|Win32
	EndGlobalSection
	GlobalSection(SolutionProperties) = preSolution
		HideSolutionNode = FALSE
	EndGlobalSection
	GlobalSection(ExtensibilityGlobals) = postSolution
		SolutionGuid = {DE401818-85B9-47C5-B547-2A4B9C4677ED}
	EndGlobalSection
EndGlobal
